github.com/ikigenba/ikigenba/appkit v0.7.1 h1:FgPWnRC4GDKtHkMpVfoXfnSU/wR36b6Uka5bPSDxyJs=
github.com/ikigenba/ikigenba/appkit v0.7.1/go.mod h1:ECOkZ27X6KwHYO3+FkTqH33qOQ1ABUcbWSC7Uafuqc4=
github.com/ikigenba/ikigenba/appkit v0.8.0 h1:GLNcPrcLud2Srzj2lOpO+dyKf2mv1qRs/BbrRnm/SEM=
github.com/ikigenba/ikigenba/appkit v0.8.0/go.mod h1:ECOkZ27X6KwHYO3+FkTqH33qOQ1ABUcbWSC7Uafuqc4=
