github.com/ikigenba/ikigenba/appkit v0.15.0 h1:ryNf/6Al3atmWikbodbVkr+K58PBTtB/60zz7qe6vG4=
github.com/ikigenba/ikigenba/appkit v0.15.0/go.mod h1:mtzrkbEtQsW51jjUBavA/X78DKF/UcEYw+gFqSpwXBA=
github.com/ikigenba/ikigenba/appkit v0.16.0 h1:RTmkbjL2EXfKNAnn85C98xjaQklpB5wvA875VTKucjg=
github.com/ikigenba/ikigenba/appkit v0.16.0/go.mod h1:mtzrkbEtQsW51jjUBavA/X78DKF/UcEYw+gFqSpwXBA=
